<?xml version="1.0" encoding="utf-8"?>
<Project ToolsVersion="17.0" xmlns="http://schemas.microsoft.com/developer/msbuild/2003">
  <ItemGroup>
    <CustomBuild Include="D:\defected_log_app\windows\CMakeFiles\4ab1cc0aca3525ce63234d8b42d2fe80\generate.stamp.rule">
      <Filter>CMake Rules</Filter>
    </CustomBuild>
  </ItemGroup>
  <ItemGroup>
    <Filter Include="CMake Rules">
      <UniqueIdentifier>{EE6B4CA9-196E-367E-9F46-19B9DE01B8D3}</UniqueIdentifier>
    </Filter>
  </ItemGroup>
</Project>
