<?xml version="1.0" encoding="utf-8"?>
<Project ToolsVersion="17.0" xmlns="http://schemas.microsoft.com/developer/msbuild/2003">
  <ItemGroup>
    <CustomBuild Include="D:\defected_log_app\windows\CMakeFiles\bbd30ae11837de61f6c8f4c8d7ec1beb\INSTALL_force.rule">
      <Filter>CMake Rules</Filter>
    </CustomBuild>
  </ItemGroup>
  <ItemGroup>
    <Filter Include="CMake Rules">
      <UniqueIdentifier>{EE6B4CA9-196E-367E-9F46-19B9DE01B8D3}</UniqueIdentifier>
    </Filter>
  </ItemGroup>
</Project>
