<?xml version="1.0" encoding="utf-8"?>
<Project ToolsVersion="17.0" xmlns="http://schemas.microsoft.com/developer/msbuild/2003">
  <ItemGroup>
    <CustomBuild Include="D:\defected_log_app\windows\CMakeFiles\612ce57def3e7a24f1fc7f1151872212\flutter_windows.dll.rule">
      <Filter>CMake Rules</Filter>
    </CustomBuild>
    <CustomBuild Include="D:\defected_log_app\windows\CMakeFiles\2ab868a869968d16191f3edf7057a0e4\flutter_assemble.rule">
      <Filter>CMake Rules</Filter>
    </CustomBuild>
    <CustomBuild Include="D:\defected_log_app\windows\flutter\CMakeLists.txt" />
  </ItemGroup>
  <ItemGroup>
    <None Include="D:\defected_log_app\windows\flutter\CMakeFiles\flutter_assemble" />
  </ItemGroup>
  <ItemGroup>
    <Filter Include="CMake Rules">
      <UniqueIdentifier>{EE6B4CA9-196E-367E-9F46-19B9DE01B8D3}</UniqueIdentifier>
    </Filter>
  </ItemGroup>
</Project>
